// !$*UTF8*$!
{
	archiveVersion = 1;
	classes = {
	};
	objectVersion = 46;
	objects = {

/* Begin PBXBuildFile section */
		727CF9E84C02C87884BDCCB2 /* libPods.a in Frameworks */ = {isa = PBXBuildFile; fileRef = 1A4DCB175D280237EC84D674 /* libPods.a */; };
		A1385F7A1D2112B6006A2424 /* OCESearchResultViewController.m in Sources */ = {isa = PBXBuildFile; fileRef = A1385F791D2112B6006A2424 /* OCESearchResultViewController.m */; };
		A159F0791D07C1DB00F5487E /* OCEWebViewController.m in Sources */ = {isa = PBXBuildFile; fileRef = A159F0781D07C1DB00F5487E /* OCEWebViewController.m */; };
		A16491C51D0EA41200D7B529 /* OCEHotKeyword.m in Sources */ = {isa = PBXBuildFile; fileRef = A16491C41D0EA41200D7B529 /* OCEHotKeyword.m */; };
		A16491C81D0EA44500D7B529 /* OCESearchDataToolResult.m in Sources */ = {isa = PBXBuildFile; fileRef = A16491C71D0EA44500D7B529 /* OCESearchDataToolResult.m */; };
		A16491CB1D0EA45000D7B529 /* OCESearchDataTool.m in Sources */ = {isa = PBXBuildFile; fileRef = A16491CA1D0EA45000D7B529 /* OCESearchDataTool.m */; };
		A184E5281D0D3A4B009A0383 /* OCESearchView.m in Sources */ = {isa = PBXBuildFile; fileRef = A184E5261D0D3A4B009A0383 /* OCESearchView.m */; };
		A184E52B1D0D3A51009A0383 /* OCESearchViewController.m in Sources */ = {isa = PBXBuildFile; fileRef = A184E5291D0D3A51009A0383 /* OCESearchViewController.m */; };
		A184E53A1D0D5E3B009A0383 /* OCESearchHotCell.m in Sources */ = {isa = PBXBuildFile; fileRef = A184E5391D0D5E3B009A0383 /* OCESearchHotCell.m */; };
		A1AD95261D0D826800797049 /* OCESearchTableHeaderView.m in Sources */ = {isa = PBXBuildFile; fileRef = A1AD95251D0D826800797049 /* OCESearchTableHeaderView.m */; };
		A1CEF9F71D042E4500496A8F /* NSData+AYLExtension.m in Sources */ = {isa = PBXBuildFile; fileRef = A1CEF9E21D042E4500496A8F /* NSData+AYLExtension.m */; };
		A1CEF9F81D042E4500496A8F /* UIColor+AYLExtension.m in Sources */ = {isa = PBXBuildFile; fileRef = A1CEF9E41D042E4500496A8F /* UIColor+AYLExtension.m */; };
		A1CEF9F91D042E4500496A8F /* UIImage+AYLExtension.m in Sources */ = {isa = PBXBuildFile; fileRef = A1CEF9E61D042E4500496A8F /* UIImage+AYLExtension.m */; };
		A1CEF9FA1D042E4500496A8F /* UINavigationBar+AYLExtension.m in Sources */ = {isa = PBXBuildFile; fileRef = A1CEF9E81D042E4500496A8F /* UINavigationBar+AYLExtension.m */; };
		A1CEF9FB1D042E4500496A8F /* UIView+AYLExtension.m in Sources */ = {isa = PBXBuildFile; fileRef = A1CEF9EA1D042E4500496A8F /* UIView+AYLExtension.m */; };
		A1CEF9FC1D042E4500496A8F /* AYLNavigationController.m in Sources */ = {isa = PBXBuildFile; fileRef = A1CEF9ED1D042E4500496A8F /* AYLNavigationController.m */; };
		A1CEF9FD1D042E4500496A8F /* AYLTabBarController.m in Sources */ = {isa = PBXBuildFile; fileRef = A1CEF9EF1D042E4500496A8F /* AYLTabBarController.m */; };
		A1CEF9FE1D042E4500496A8F /* AYLTableViewController.m in Sources */ = {isa = PBXBuildFile; fileRef = A1CEF9F11D042E4500496A8F /* AYLTableViewController.m */; };
		A1CEF9FF1D042E4500496A8F /* AppDelegate.m in Sources */ = {isa = PBXBuildFile; fileRef = A1CEF9F41D042E4500496A8F /* AppDelegate.m */; };
		A1CEFA001D042E4500496A8F /* main.m in Sources */ = {isa = PBXBuildFile; fileRef = A1CEF9F51D042E4500496A8F /* main.m */; };
		A1CEFA041D042FF200496A8F /* AYLHttpTool.m in Sources */ = {isa = PBXBuildFile; fileRef = A1CEFA031D042FF200496A8F /* AYLHttpTool.m */; };
		A1CEFA081D04396A00496A8F /* OCECourseTool.m in Sources */ = {isa = PBXBuildFile; fileRef = A1CEFA071D04396A00496A8F /* OCECourseTool.m */; };
		A1CEFA0B1D04434E00496A8F /* OCECourseToolParam.m in Sources */ = {isa = PBXBuildFile; fileRef = A1CEFA0A1D04434E00496A8F /* OCECourseToolParam.m */; };
		A1CEFA0E1D04436400496A8F /* OCECourseToolResult.m in Sources */ = {isa = PBXBuildFile; fileRef = A1CEFA0D1D04436400496A8F /* OCECourseToolResult.m */; };
		A1CF9E4D1CFD97760042BCD7 /* Assets.xcassets in Resources */ = {isa = PBXBuildFile; fileRef = A1CF9E491CFD97760042BCD7 /* Assets.xcassets */; };
		A1CF9E5F1CFD9C360042BCD7 /* OCEHomeViewController.m in Sources */ = {isa = PBXBuildFile; fileRef = A1CF9E5E1CFD9C360042BCD7 /* OCEHomeViewController.m */; };
		A1CF9E661CFD9D7A0042BCD7 /* OCECategoryViewController.m in Sources */ = {isa = PBXBuildFile; fileRef = A1CF9E651CFD9D7A0042BCD7 /* OCECategoryViewController.m */; };
		A1CF9E6D1CFD9DA40042BCD7 /* OCEMeViewController.m in Sources */ = {isa = PBXBuildFile; fileRef = A1CF9E6C1CFD9DA40042BCD7 /* OCEMeViewController.m */; };
		A1CF9E861CFE78040042BCD7 /* OCEButtonsView.m in Sources */ = {isa = PBXBuildFile; fileRef = A1CF9E851CFE78040042BCD7 /* OCEButtonsView.m */; };
		A1CF9E891CFEC9D10042BCD7 /* OCECourse.m in Sources */ = {isa = PBXBuildFile; fileRef = A1CF9E881CFEC9D10042BCD7 /* OCECourse.m */; };
		A1CF9E8C1CFEE31F0042BCD7 /* OCECourseCell.m in Sources */ = {isa = PBXBuildFile; fileRef = A1CF9E8B1CFEE31F0042BCD7 /* OCECourseCell.m */; };
		A1CF9E8F1CFEF2E20042BCD7 /* OCECourseFrame.m in Sources */ = {isa = PBXBuildFile; fileRef = A1CF9E8E1CFEF2E20042BCD7 /* OCECourseFrame.m */; };
		A1D37E441D091943007613C8 /* UITableViewController+AYLExtension.m in Sources */ = {isa = PBXBuildFile; fileRef = A1D37E431D091943007613C8 /* UITableViewController+AYLExtension.m */; };
/* End PBXBuildFile section */

/* Begin PBXFileReference section */
		1A4DCB175D280237EC84D674 /* libPods.a */ = {isa = PBXFileReference; explicitFileType = archive.ar; includeInIndex = 0; path = libPods.a; sourceTree = BUILT_PRODUCTS_DIR; };
		774C43ACFD70BBC892E55A4E /* Pods.debug.xcconfig */ = {isa = PBXFileReference; includeInIndex = 1; lastKnownFileType = text.xcconfig; name = Pods.debug.xcconfig; path = "Pods/Target Support Files/Pods/Pods.debug.xcconfig"; sourceTree = "<group>"; };
		A1385F781D2112B6006A2424 /* OCESearchResultViewController.h */ = {isa = PBXFileReference; fileEncoding = 4; lastKnownFileType = sourcecode.c.h; path = OCESearchResultViewController.h; sourceTree = "<group>"; };
		A1385F791D2112B6006A2424 /* OCESearchResultViewController.m */ = {isa = PBXFileReference; fileEncoding = 4; lastKnownFileType = sourcecode.c.objc; path = OCESearchResultViewController.m; sourceTree = "<group>"; };
		A159F0771D07C1DB00F5487E /* OCEWebViewController.h */ = {isa = PBXFileReference; fileEncoding = 4; lastKnownFileType = sourcecode.c.h; path = OCEWebViewController.h; sourceTree = "<group>"; };
		A159F0781D07C1DB00F5487E /* OCEWebViewController.m */ = {isa = PBXFileReference; fileEncoding = 4; lastKnownFileType = sourcecode.c.objc; path = OCEWebViewController.m; sourceTree = "<group>"; };
		A16491C31D0EA41200D7B529 /* OCEHotKeyword.h */ = {isa = PBXFileReference; fileEncoding = 4; lastKnownFileType = sourcecode.c.h; path = OCEHotKeyword.h; sourceTree = "<group>"; };
		A16491C41D0EA41200D7B529 /* OCEHotKeyword.m */ = {isa = PBXFileReference; fileEncoding = 4; lastKnownFileType = sourcecode.c.objc; path = OCEHotKeyword.m; sourceTree = "<group>"; };
		A16491C61D0EA44500D7B529 /* OCESearchDataToolResult.h */ = {isa = PBXFileReference; fileEncoding = 4; lastKnownFileType = sourcecode.c.h; path = OCESearchDataToolResult.h; sourceTree = "<group>"; };
		A16491C71D0EA44500D7B529 /* OCESearchDataToolResult.m */ = {isa = PBXFileReference; fileEncoding = 4; lastKnownFileType = sourcecode.c.objc; path = OCESearchDataToolResult.m; sourceTree = "<group>"; };
		A16491C91D0EA45000D7B529 /* OCESearchDataTool.h */ = {isa = PBXFileReference; fileEncoding = 4; lastKnownFileType = sourcecode.c.h; path = OCESearchDataTool.h; sourceTree = "<group>"; };
		A16491CA1D0EA45000D7B529 /* OCESearchDataTool.m */ = {isa = PBXFileReference; fileEncoding = 4; lastKnownFileType = sourcecode.c.objc; path = OCESearchDataTool.m; sourceTree = "<group>"; };
		A184E5261D0D3A4B009A0383 /* OCESearchView.m */ = {isa = PBXFileReference; fileEncoding = 4; lastKnownFileType = sourcecode.c.objc; path = OCESearchView.m; sourceTree = "<group>"; };
		A184E5271D0D3A4B009A0383 /* OCESearchView.h */ = {isa = PBXFileReference; fileEncoding = 4; lastKnownFileType = sourcecode.c.h; path = OCESearchView.h; sourceTree = "<group>"; };
		A184E5291D0D3A51009A0383 /* OCESearchViewController.m */ = {isa = PBXFileReference; fileEncoding = 4; lastKnownFileType = sourcecode.c.objc; path = OCESearchViewController.m; sourceTree = "<group>"; };
		A184E52A1D0D3A51009A0383 /* OCESearchViewController.h */ = {isa = PBXFileReference; fileEncoding = 4; lastKnownFileType = sourcecode.c.h; path = OCESearchViewController.h; sourceTree = "<group>"; };
		A184E5381D0D5E3B009A0383 /* OCESearchHotCell.h */ = {isa = PBXFileReference; fileEncoding = 4; lastKnownFileType = sourcecode.c.h; path = OCESearchHotCell.h; sourceTree = "<group>"; };
		A184E5391D0D5E3B009A0383 /* OCESearchHotCell.m */ = {isa = PBXFileReference; fileEncoding = 4; lastKnownFileType = sourcecode.c.objc; path = OCESearchHotCell.m; sourceTree = "<group>"; };
		A1AD95241D0D826800797049 /* OCESearchTableHeaderView.h */ = {isa = PBXFileReference; fileEncoding = 4; lastKnownFileType = sourcecode.c.h; path = OCESearchTableHeaderView.h; sourceTree = "<group>"; };
		A1AD95251D0D826800797049 /* OCESearchTableHeaderView.m */ = {isa = PBXFileReference; fileEncoding = 4; lastKnownFileType = sourcecode.c.objc; path = OCESearchTableHeaderView.m; sourceTree = "<group>"; };
		A1B89C6D1CFD8D34006B91D6 /* OpenCourse.app */ = {isa = PBXFileReference; explicitFileType = wrapper.application; includeInIndex = 0; path = OpenCourse.app; sourceTree = BUILT_PRODUCTS_DIR; };
		A1CEF9E11D042E4500496A8F /* NSData+AYLExtension.h */ = {isa = PBXFileReference; fileEncoding = 4; lastKnownFileType = sourcecode.c.h; path = "NSData+AYLExtension.h"; sourceTree = "<group>"; };
		A1CEF9E21D042E4500496A8F /* NSData+AYLExtension.m */ = {isa = PBXFileReference; fileEncoding = 4; lastKnownFileType = sourcecode.c.objc; path = "NSData+AYLExtension.m"; sourceTree = "<group>"; };
		A1CEF9E31D042E4500496A8F /* UIColor+AYLExtension.h */ = {isa = PBXFileReference; fileEncoding = 4; lastKnownFileType = sourcecode.c.h; path = "UIColor+AYLExtension.h"; sourceTree = "<group>"; };
		A1CEF9E41D042E4500496A8F /* UIColor+AYLExtension.m */ = {isa = PBXFileReference; fileEncoding = 4; lastKnownFileType = sourcecode.c.objc; path = "UIColor+AYLExtension.m"; sourceTree = "<group>"; };
		A1CEF9E51D042E4500496A8F /* UIImage+AYLExtension.h */ = {isa = PBXFileReference; fileEncoding = 4; lastKnownFileType = sourcecode.c.h; path = "UIImage+AYLExtension.h"; sourceTree = "<group>"; };
		A1CEF9E61D042E4500496A8F /* UIImage+AYLExtension.m */ = {isa = PBXFileReference; fileEncoding = 4; lastKnownFileType = sourcecode.c.objc; path = "UIImage+AYLExtension.m"; sourceTree = "<group>"; };
		A1CEF9E71D042E4500496A8F /* UINavigationBar+AYLExtension.h */ = {isa = PBXFileReference; fileEncoding = 4; lastKnownFileType = sourcecode.c.h; path = "UINavigationBar+AYLExtension.h"; sourceTree = "<group>"; };
		A1CEF9E81D042E4500496A8F /* UINavigationBar+AYLExtension.m */ = {isa = PBXFileReference; fileEncoding = 4; lastKnownFileType = sourcecode.c.objc; path = "UINavigationBar+AYLExtension.m"; sourceTree = "<group>"; };
		A1CEF9E91D042E4500496A8F /* UIView+AYLExtension.h */ = {isa = PBXFileReference; fileEncoding = 4; lastKnownFileType = sourcecode.c.h; path = "UIView+AYLExtension.h"; sourceTree = "<group>"; };
		A1CEF9EA1D042E4500496A8F /* UIView+AYLExtension.m */ = {isa = PBXFileReference; fileEncoding = 4; lastKnownFileType = sourcecode.c.objc; path = "UIView+AYLExtension.m"; sourceTree = "<group>"; };
		A1CEF9EC1D042E4500496A8F /* AYLNavigationController.h */ = {isa = PBXFileReference; fileEncoding = 4; lastKnownFileType = sourcecode.c.h; path = AYLNavigationController.h; sourceTree = "<group>"; };
		A1CEF9ED1D042E4500496A8F /* AYLNavigationController.m */ = {isa = PBXFileReference; fileEncoding = 4; lastKnownFileType = sourcecode.c.objc; path = AYLNavigationController.m; sourceTree = "<group>"; };
		A1CEF9EE1D042E4500496A8F /* AYLTabBarController.h */ = {isa = PBXFileReference; fileEncoding = 4; lastKnownFileType = sourcecode.c.h; path = AYLTabBarController.h; sourceTree = "<group>"; };
		A1CEF9EF1D042E4500496A8F /* AYLTabBarController.m */ = {isa = PBXFileReference; fileEncoding = 4; lastKnownFileType = sourcecode.c.objc; path = AYLTabBarController.m; sourceTree = "<group>"; };
		A1CEF9F01D042E4500496A8F /* AYLTableViewController.h */ = {isa = PBXFileReference; fileEncoding = 4; lastKnownFileType = sourcecode.c.h; path = AYLTableViewController.h; sourceTree = "<group>"; };
		A1CEF9F11D042E4500496A8F /* AYLTableViewController.m */ = {isa = PBXFileReference; fileEncoding = 4; lastKnownFileType = sourcecode.c.objc; path = AYLTableViewController.m; sourceTree = "<group>"; };
		A1CEF9F31D042E4500496A8F /* AppDelegate.h */ = {isa = PBXFileReference; fileEncoding = 4; lastKnownFileType = sourcecode.c.h; path = AppDelegate.h; sourceTree = "<group>"; };
		A1CEF9F41D042E4500496A8F /* AppDelegate.m */ = {isa = PBXFileReference; fileEncoding = 4; lastKnownFileType = sourcecode.c.objc; path = AppDelegate.m; sourceTree = "<group>"; };
		A1CEF9F51D042E4500496A8F /* main.m */ = {isa = PBXFileReference; fileEncoding = 4; lastKnownFileType = sourcecode.c.objc; path = main.m; sourceTree = "<group>"; };
		A1CEF9F61D042E4500496A8F /* AYLCommon.pch */ = {isa = PBXFileReference; fileEncoding = 4; lastKnownFileType = sourcecode.c.h; path = AYLCommon.pch; sourceTree = "<group>"; };
		A1CEFA021D042FF200496A8F /* AYLHttpTool.h */ = {isa = PBXFileReference; fileEncoding = 4; lastKnownFileType = sourcecode.c.h; path = AYLHttpTool.h; sourceTree = "<group>"; };
		A1CEFA031D042FF200496A8F /* AYLHttpTool.m */ = {isa = PBXFileReference; fileEncoding = 4; lastKnownFileType = sourcecode.c.objc; path = AYLHttpTool.m; sourceTree = "<group>"; };
		A1CEFA061D04396A00496A8F /* OCECourseTool.h */ = {isa = PBXFileReference; fileEncoding = 4; lastKnownFileType = sourcecode.c.h; path = OCECourseTool.h; sourceTree = "<group>"; };
		A1CEFA071D04396A00496A8F /* OCECourseTool.m */ = {isa = PBXFileReference; fileEncoding = 4; lastKnownFileType = sourcecode.c.objc; path = OCECourseTool.m; sourceTree = "<group>"; };
		A1CEFA091D04434E00496A8F /* OCECourseToolParam.h */ = {isa = PBXFileReference; fileEncoding = 4; lastKnownFileType = sourcecode.c.h; path = OCECourseToolParam.h; sourceTree = "<group>"; };
		A1CEFA0A1D04434E00496A8F /* OCECourseToolParam.m */ = {isa = PBXFileReference; fileEncoding = 4; lastKnownFileType = sourcecode.c.objc; path = OCECourseToolParam.m; sourceTree = "<group>"; };
		A1CEFA0C1D04436400496A8F /* OCECourseToolResult.h */ = {isa = PBXFileReference; fileEncoding = 4; lastKnownFileType = sourcecode.c.h; path = OCECourseToolResult.h; sourceTree = "<group>"; };
		A1CEFA0D1D04436400496A8F /* OCECourseToolResult.m */ = {isa = PBXFileReference; fileEncoding = 4; lastKnownFileType = sourcecode.c.objc; path = OCECourseToolResult.m; sourceTree = "<group>"; };
		A1CF9E491CFD97760042BCD7 /* Assets.xcassets */ = {isa = PBXFileReference; lastKnownFileType = folder.assetcatalog; path = Assets.xcassets; sourceTree = "<group>"; };
		A1CF9E4A1CFD97760042BCD7 /* Info.plist */ = {isa = PBXFileReference; fileEncoding = 4; lastKnownFileType = text.plist.xml; path = Info.plist; sourceTree = "<group>"; };
		A1CF9E5D1CFD9C360042BCD7 /* OCEHomeViewController.h */ = {isa = PBXFileReference; fileEncoding = 4; lastKnownFileType = sourcecode.c.h; path = OCEHomeViewController.h; sourceTree = "<group>"; };
		A1CF9E5E1CFD9C360042BCD7 /* OCEHomeViewController.m */ = {isa = PBXFileReference; fileEncoding = 4; lastKnownFileType = sourcecode.c.objc; path = OCEHomeViewController.m; sourceTree = "<group>"; };
		A1CF9E641CFD9D7A0042BCD7 /* OCECategoryViewController.h */ = {isa = PBXFileReference; fileEncoding = 4; lastKnownFileType = sourcecode.c.h; path = OCECategoryViewController.h; sourceTree = "<group>"; };
		A1CF9E651CFD9D7A0042BCD7 /* OCECategoryViewController.m */ = {isa = PBXFileReference; fileEncoding = 4; lastKnownFileType = sourcecode.c.objc; path = OCECategoryViewController.m; sourceTree = "<group>"; };
		A1CF9E6B1CFD9DA40042BCD7 /* OCEMeViewController.h */ = {isa = PBXFileReference; fileEncoding = 4; lastKnownFileType = sourcecode.c.h; path = OCEMeViewController.h; sourceTree = "<group>"; };
		A1CF9E6C1CFD9DA40042BCD7 /* OCEMeViewController.m */ = {isa = PBXFileReference; fileEncoding = 4; lastKnownFileType = sourcecode.c.objc; path = OCEMeViewController.m; sourceTree = "<group>"; };
		A1CF9E841CFE78040042BCD7 /* OCEButtonsView.h */ = {isa = PBXFileReference; fileEncoding = 4; lastKnownFileType = sourcecode.c.h; path = OCEButtonsView.h; sourceTree = "<group>"; };
		A1CF9E851CFE78040042BCD7 /* OCEButtonsView.m */ = {isa = PBXFileReference; fileEncoding = 4; lastKnownFileType = sourcecode.c.objc; path = OCEButtonsView.m; sourceTree = "<group>"; };
		A1CF9E871CFEC9D10042BCD7 /* OCECourse.h */ = {isa = PBXFileReference; fileEncoding = 4; lastKnownFileType = sourcecode.c.h; path = OCECourse.h; sourceTree = "<group>"; };
		A1CF9E881CFEC9D10042BCD7 /* OCECourse.m */ = {isa = PBXFileReference; fileEncoding = 4; lastKnownFileType = sourcecode.c.objc; path = OCECourse.m; sourceTree = "<group>"; };
		A1CF9E8A1CFEE31F0042BCD7 /* OCECourseCell.h */ = {isa = PBXFileReference; fileEncoding = 4; lastKnownFileType = sourcecode.c.h; path = OCECourseCell.h; sourceTree = "<group>"; };
		A1CF9E8B1CFEE31F0042BCD7 /* OCECourseCell.m */ = {isa = PBXFileReference; fileEncoding = 4; lastKnownFileType = sourcecode.c.objc; path = OCECourseCell.m; sourceTree = "<group>"; };
		A1CF9E8D1CFEF2E20042BCD7 /* OCECourseFrame.h */ = {isa = PBXFileReference; fileEncoding = 4; lastKnownFileType = sourcecode.c.h; path = OCECourseFrame.h; sourceTree = "<group>"; };
		A1CF9E8E1CFEF2E20042BCD7 /* OCECourseFrame.m */ = {isa = PBXFileReference; fileEncoding = 4; lastKnownFileType = sourcecode.c.objc; path = OCECourseFrame.m; sourceTree = "<group>"; };
		A1D37E421D091943007613C8 /* UITableViewController+AYLExtension.h */ = {isa = PBXFileReference; fileEncoding = 4; lastKnownFileType = sourcecode.c.h; path = "UITableViewController+AYLExtension.h"; sourceTree = "<group>"; };
		A1D37E431D091943007613C8 /* UITableViewController+AYLExtension.m */ = {isa = PBXFileReference; fileEncoding = 4; lastKnownFileType = sourcecode.c.objc; path = "UITableViewController+AYLExtension.m"; sourceTree = "<group>"; };
		AAFDD98DB4FED8729DE13A6F /* Pods.release.xcconfig */ = {isa = PBXFileReference; includeInIndex = 1; lastKnownFileType = text.xcconfig; name = Pods.release.xcconfig; path = "Pods/Target Support Files/Pods/Pods.release.xcconfig"; sourceTree = "<group>"; };
/* End PBXFileReference section */

/* Begin PBXFrameworksBuildPhase section */
		A1B89C6A1CFD8D34006B91D6 /* Frameworks */ = {
			isa = PBXFrameworksBuildPhase;
			buildActionMask = 2147483647;
			files = (
				727CF9E84C02C87884BDCCB2 /* libPods.a in Frameworks */,
			);
			runOnlyForDeploymentPostprocessing = 0;
		};
/* End PBXFrameworksBuildPhase section */

/* Begin PBXGroup section */
		997D72DED4BFD6D928ED8B8E /* Frameworks */ = {
			isa = PBXGroup;
			children = (
				1A4DCB175D280237EC84D674 /* libPods.a */,
			);
			name = Frameworks;
			sourceTree = "<group>";
		};
		A16491C11D0EA3ED00D7B529 /* Model */ = {
			isa = PBXGroup;
			children = (
				A16491C61D0EA44500D7B529 /* OCESearchDataToolResult.h */,
				A16491C71D0EA44500D7B529 /* OCESearchDataToolResult.m */,
				A16491C31D0EA41200D7B529 /* OCEHotKeyword.h */,
				A16491C41D0EA41200D7B529 /* OCEHotKeyword.m */,
			);
			path = Model;
			sourceTree = "<group>";
		};
		A16491C21D0EA3ED00D7B529 /* Tool */ = {
			isa = PBXGroup;
			children = (
				A16491C91D0EA45000D7B529 /* OCESearchDataTool.h */,
				A16491CA1D0EA45000D7B529 /* OCESearchDataTool.m */,
			);
			path = Tool;
			sourceTree = "<group>";
		};
		A184E5231D0D39DA009A0383 /* Search */ = {
			isa = PBXGroup;
			children = (
				A16491C11D0EA3ED00D7B529 /* Model */,
				A16491C21D0EA3ED00D7B529 /* Tool */,
				A184E5251D0D3A3D009A0383 /* View */,
				A184E5241D0D39DA009A0383 /* Controller */,
			);
			path = Search;
			sourceTree = "<group>";
		};
		A184E5241D0D39DA009A0383 /* Controller */ = {
			isa = PBXGroup;
			children = (
				A184E52A1D0D3A51009A0383 /* OCESearchViewController.h */,
				A184E5291D0D3A51009A0383 /* OCESearchViewController.m */,
				A1385F781D2112B6006A2424 /* OCESearchResultViewController.h */,
				A1385F791D2112B6006A2424 /* OCESearchResultViewController.m */,
			);
			path = Controller;
			sourceTree = "<group>";
		};
		A184E5251D0D3A3D009A0383 /* View */ = {
			isa = PBXGroup;
			children = (
				A184E5271D0D3A4B009A0383 /* OCESearchView.h */,
				A184E5261D0D3A4B009A0383 /* OCESearchView.m */,
				A184E5381D0D5E3B009A0383 /* OCESearchHotCell.h */,
				A184E5391D0D5E3B009A0383 /* OCESearchHotCell.m */,
				A1AD95241D0D826800797049 /* OCESearchTableHeaderView.h */,
				A1AD95251D0D826800797049 /* OCESearchTableHeaderView.m */,
			);
			path = View;
			sourceTree = "<group>";
		};
		A1B89C641CFD8D34006B91D6 = {
			isa = PBXGroup;
			children = (
				A1B89C6F1CFD8D34006B91D6 /* OpenCourse */,
				A1B89C6E1CFD8D34006B91D6 /* Products */,
				A5BDE34AD93E451B32F33DFF /* Pods */,
				997D72DED4BFD6D928ED8B8E /* Frameworks */,
			);
			sourceTree = "<group>";
		};
		A1B89C6E1CFD8D34006B91D6 /* Products */ = {
			isa = PBXGroup;
			children = (
				A1B89C6D1CFD8D34006B91D6 /* OpenCourse.app */,
			);
			name = Products;
			sourceTree = "<group>";
		};
		A1B89C6F1CFD8D34006B91D6 /* OpenCourse */ = {
			isa = PBXGroup;
			children = (
				A1CF9E3F1CFD97760042BCD7 /* Classes */,
				A1CF9E481CFD97760042BCD7 /* Supporting Files */,
			);
			path = OpenCourse;
			sourceTree = "<group>";
		};
		A1CEF9E01D042E4500496A8F /* Category */ = {
			isa = PBXGroup;
			children = (
				A1CEF9E11D042E4500496A8F /* NSData+AYLExtension.h */,
				A1CEF9E21D042E4500496A8F /* NSData+AYLExtension.m */,
				A1CEF9E31D042E4500496A8F /* UIColor+AYLExtension.h */,
				A1CEF9E41D042E4500496A8F /* UIColor+AYLExtension.m */,
				A1CEF9E51D042E4500496A8F /* UIImage+AYLExtension.h */,
				A1CEF9E61D042E4500496A8F /* UIImage+AYLExtension.m */,
				A1CEF9E71D042E4500496A8F /* UINavigationBar+AYLExtension.h */,
				A1CEF9E81D042E4500496A8F /* UINavigationBar+AYLExtension.m */,
				A1CEF9E91D042E4500496A8F /* UIView+AYLExtension.h */,
				A1CEF9EA1D042E4500496A8F /* UIView+AYLExtension.m */,
				A1D37E421D091943007613C8 /* UITableViewController+AYLExtension.h */,
				A1D37E431D091943007613C8 /* UITableViewController+AYLExtension.m */,
			);
			path = Category;
			sourceTree = "<group>";
		};
		A1CEF9EB1D042E4500496A8F /* Controller */ = {
			isa = PBXGroup;
			children = (
				A1CEF9EC1D042E4500496A8F /* AYLNavigationController.h */,
				A1CEF9ED1D042E4500496A8F /* AYLNavigationController.m */,
				A1CEF9EE1D042E4500496A8F /* AYLTabBarController.h */,
				A1CEF9EF1D042E4500496A8F /* AYLTabBarController.m */,
				A1CEF9F01D042E4500496A8F /* AYLTableViewController.h */,
				A1CEF9F11D042E4500496A8F /* AYLTableViewController.m */,
			);
			path = Controller;
			sourceTree = "<group>";
		};
		A1CEF9F21D042E4500496A8F /* Other */ = {
			isa = PBXGroup;
			children = (
				A1CEF9F31D042E4500496A8F /* AppDelegate.h */,
				A1CEF9F41D042E4500496A8F /* AppDelegate.m */,
				A1CEF9F51D042E4500496A8F /* main.m */,
				A1CEF9F61D042E4500496A8F /* AYLCommon.pch */,
			);
			path = Other;
			sourceTree = "<group>";
		};
		A1CEFA011D042E6800496A8F /* Tool */ = {
			isa = PBXGroup;
			children = (
				A1CEFA021D042FF200496A8F /* AYLHttpTool.h */,
				A1CEFA031D042FF200496A8F /* AYLHttpTool.m */,
			);
			path = Tool;
			sourceTree = "<group>";
		};
		A1CEFA051D04392D00496A8F /* Tool */ = {
			isa = PBXGroup;
			children = (
				A1CEFA061D04396A00496A8F /* OCECourseTool.h */,
				A1CEFA071D04396A00496A8F /* OCECourseTool.m */,
			);
			path = Tool;
			sourceTree = "<group>";
		};
		A1CF9E3F1CFD97760042BCD7 /* Classes */ = {
			isa = PBXGroup;
			children = (
				A184E5231D0D39DA009A0383 /* Search */,
				A1CF9E671CFD9D950042BCD7 /* Me */,
				A1CF9E601CFD9D370042BCD7 /* Category */,
				A1CF9E561CFD9BBC0042BCD7 /* Home */,
				A1CF9E401CFD97760042BCD7 /* Main */,
			);
			path = Classes;
			sourceTree = "<group>";
		};
		A1CF9E401CFD97760042BCD7 /* Main */ = {
			isa = PBXGroup;
			children = (
				A1CEFA011D042E6800496A8F /* Tool */,
				A1CEF9E01D042E4500496A8F /* Category */,
				A1CEF9EB1D042E4500496A8F /* Controller */,
				A1CEF9F21D042E4500496A8F /* Other */,
			);
			path = Main;
			sourceTree = "<group>";
		};
		A1CF9E481CFD97760042BCD7 /* Supporting Files */ = {
			isa = PBXGroup;
			children = (
				A1CF9E491CFD97760042BCD7 /* Assets.xcassets */,
				A1CF9E4A1CFD97760042BCD7 /* Info.plist */,
			);
			path = "Supporting Files";
			sourceTree = "<group>";
		};
		A1CF9E561CFD9BBC0042BCD7 /* Home */ = {
			isa = PBXGroup;
			children = (
				A1CEFA051D04392D00496A8F /* Tool */,
				A1CF9E581CFD9BBC0042BCD7 /* Model */,
				A1CF9E591CFD9BBC0042BCD7 /* View */,
				A1CF9E571CFD9BBC0042BCD7 /* Controller */,
			);
			path = Home;
			sourceTree = "<group>";
		};
		A1CF9E571CFD9BBC0042BCD7 /* Controller */ = {
			isa = PBXGroup;
			children = (
				A1CF9E5D1CFD9C360042BCD7 /* OCEHomeViewController.h */,
				A1CF9E5E1CFD9C360042BCD7 /* OCEHomeViewController.m */,
				A159F0771D07C1DB00F5487E /* OCEWebViewController.h */,
				A159F0781D07C1DB00F5487E /* OCEWebViewController.m */,
			);
			path = Controller;
			sourceTree = "<group>";
		};
		A1CF9E581CFD9BBC0042BCD7 /* Model */ = {
			isa = PBXGroup;
			children = (
				A1CF9E871CFEC9D10042BCD7 /* OCECourse.h */,
				A1CF9E881CFEC9D10042BCD7 /* OCECourse.m */,
				A1CF9E8D1CFEF2E20042BCD7 /* OCECourseFrame.h */,
				A1CF9E8E1CFEF2E20042BCD7 /* OCECourseFrame.m */,
				A1CEFA091D04434E00496A8F /* OCECourseToolParam.h */,
				A1CEFA0A1D04434E00496A8F /* OCECourseToolParam.m */,
				A1CEFA0C1D04436400496A8F /* OCECourseToolResult.h */,
				A1CEFA0D1D04436400496A8F /* OCECourseToolResult.m */,
			);
			path = Model;
			sourceTree = "<group>";
		};
		A1CF9E591CFD9BBC0042BCD7 /* View */ = {
			isa = PBXGroup;
			children = (
				A1CF9E841CFE78040042BCD7 /* OCEButtonsView.h */,
				A1CF9E851CFE78040042BCD7 /* OCEButtonsView.m */,
				A1CF9E8A1CFEE31F0042BCD7 /* OCECourseCell.h */,
				A1CF9E8B1CFEE31F0042BCD7 /* OCECourseCell.m */,
			);
			path = View;
			sourceTree = "<group>";
		};
		A1CF9E601CFD9D370042BCD7 /* Category */ = {
			isa = PBXGroup;
			children = (
				A1CF9E611CFD9D370042BCD7 /* Controller */,
			);
			path = Category;
			sourceTree = "<group>";
		};
		A1CF9E611CFD9D370042BCD7 /* Controller */ = {
			isa = PBXGroup;
			children = (
				A1CF9E641CFD9D7A0042BCD7 /* OCECategoryViewController.h */,
				A1CF9E651CFD9D7A0042BCD7 /* OCECategoryViewController.m */,
			);
			path = Controller;
			sourceTree = "<group>";
		};
		A1CF9E671CFD9D950042BCD7 /* Me */ = {
			isa = PBXGroup;
			children = (
				A1CF9E681CFD9D950042BCD7 /* Controller */,
			);
			path = Me;
			sourceTree = "<group>";
		};
		A1CF9E681CFD9D950042BCD7 /* Controller */ = {
			isa = PBXGroup;
			children = (
				A1CF9E6B1CFD9DA40042BCD7 /* OCEMeViewController.h */,
				A1CF9E6C1CFD9DA40042BCD7 /* OCEMeViewController.m */,
			);
			path = Controller;
			sourceTree = "<group>";
		};
		A5BDE34AD93E451B32F33DFF /* Pods */ = {
			isa = PBXGroup;
			children = (
				774C43ACFD70BBC892E55A4E /* Pods.debug.xcconfig */,
				AAFDD98DB4FED8729DE13A6F /* Pods.release.xcconfig */,
			);
			name = Pods;
			sourceTree = "<group>";
		};
/* End PBXGroup section */

/* Begin PBXNativeTarget section */
		A1B89C6C1CFD8D34006B91D6 /* OpenCourse */ = {
			isa = PBXNativeTarget;
			buildConfigurationList = A1B89C841CFD8D34006B91D6 /* Build configuration list for PBXNativeTarget "OpenCourse" */;
			buildPhases = (
				E780BF66231F1DF66657C4F7 /* Check Pods Manifest.lock */,
				A1B89C691CFD8D34006B91D6 /* Sources */,
				A1B89C6A1CFD8D34006B91D6 /* Frameworks */,
				A1B89C6B1CFD8D34006B91D6 /* Resources */,
				32D450422D61EE9A8B0F30B4 /* Embed Pods Frameworks */,
				D39E5E445A90AACA35FFD500 /* Copy Pods Resources */,
			);
			buildRules = (
			);
			dependencies = (
			);
			name = OpenCourse;
			productName = OpenCourse;
			productReference = A1B89C6D1CFD8D34006B91D6 /* OpenCourse.app */;
			productType = "com.apple.product-type.application";
		};
/* End PBXNativeTarget section */

/* Begin PBXProject section */
		A1B89C651CFD8D34006B91D6 /* Project object */ = {
			isa = PBXProject;
			attributes = {
				LastUpgradeCheck = 0730;
				ORGANIZATIONNAME = CCUT;
				TargetAttributes = {
					A1B89C6C1CFD8D34006B91D6 = {
						CreatedOnToolsVersion = 7.3;
						DevelopmentTeam = FWX487CL2C;
					};
				};
			};
			buildConfigurationList = A1B89C681CFD8D34006B91D6 /* Build configuration list for PBXProject "OpenCourse" */;
			compatibilityVersion = "Xcode 3.2";
			developmentRegion = English;
			hasScannedForEncodings = 0;
			knownRegions = (
				en,
				Base,
			);
			mainGroup = A1B89C641CFD8D34006B91D6;
			productRefGroup = A1B89C6E1CFD8D34006B91D6 /* Products */;
			projectDirPath = "";
			projectRoot = "";
			targets = (
				A1B89C6C1CFD8D34006B91D6 /* OpenCourse */,
			);
		};
/* End PBXProject section */

/* Begin PBXResourcesBuildPhase section */
		A1B89C6B1CFD8D34006B91D6 /* Resources */ = {
			isa = PBXResourcesBuildPhase;
			buildActionMask = 2147483647;
			files = (
				A1CF9E4D1CFD97760042BCD7 /* Assets.xcassets in Resources */,
			);
			runOnlyForDeploymentPostprocessing = 0;
		};
/* End PBXResourcesBuildPhase section */

/* Begin PBXShellScriptBuildPhase section */
		32D450422D61EE9A8B0F30B4 /* Embed Pods Frameworks */ = {
			isa = PBXShellScriptBuildPhase;
			buildActionMask = 2147483647;
			files = (
			);
			inputPaths = (
			);
			name = "Embed Pods Frameworks";
			outputPaths = (
			);
			runOnlyForDeploymentPostprocessing = 0;
			shellPath = /bin/sh;
			shellScript = "\"${SRCROOT}/Pods/Target Support Files/Pods/Pods-frameworks.sh\"\n";
			showEnvVarsInLog = 0;
		};
		D39E5E445A90AACA35FFD500 /* Copy Pods Resources */ = {
			isa = PBXShellScriptBuildPhase;
			buildActionMask = 2147483647;
			files = (
			);
			inputPaths = (
			);
			name = "Copy Pods Resources";
			outputPaths = (
			);
			runOnlyForDeploymentPostprocessing = 0;
			shellPath = /bin/sh;
			shellScript = "\"${SRCROOT}/Pods/Target Support Files/Pods/Pods-resources.sh\"\n";
			showEnvVarsInLog = 0;
		};
		E780BF66231F1DF66657C4F7 /* Check Pods Manifest.lock */ = {
			isa = PBXShellScriptBuildPhase;
			buildActionMask = 2147483647;
			files = (
			);
			inputPaths = (
			);
			name = "Check Pods Manifest.lock";
			outputPaths = (
			);
			runOnlyForDeploymentPostprocessing = 0;
			shellPath = /bin/sh;
			shellScript = "diff \"${PODS_ROOT}/../Podfile.lock\" \"${PODS_ROOT}/Manifest.lock\" > /dev/null\nif [[ $? != 0 ]] ; then\n    cat << EOM\nerror: The sandbox is not in sync with the Podfile.lock. Run 'pod install' or update your CocoaPods installation.\nEOM\n    exit 1\nfi\n";
			showEnvVarsInLog = 0;
		};
/* End PBXShellScriptBuildPhase section */

/* Begin PBXSourcesBuildPhase section */
		A1B89C691CFD8D34006B91D6 /* Sources */ = {
			isa = PBXSourcesBuildPhase;
			buildActionMask = 2147483647;
			files = (
				A1CF9E8F1CFEF2E20042BCD7 /* OCECourseFrame.m in Sources */,
				A1CEFA0B1D04434E00496A8F /* OCECourseToolParam.m in Sources */,
				A159F0791D07C1DB00F5487E /* OCEWebViewController.m in Sources */,
				A1CEFA081D04396A00496A8F /* OCECourseTool.m in Sources */,
				A1CEF9FB1D042E4500496A8F /* UIView+AYLExtension.m in Sources */,
				A1CF9E891CFEC9D10042BCD7 /* OCECourse.m in Sources */,
				A1CEF9FD1D042E4500496A8F /* AYLTabBarController.m in Sources */,
				A1CEF9FC1D042E4500496A8F /* AYLNavigationController.m in Sources */,
				A1385F7A1D2112B6006A2424 /* OCESearchResultViewController.m in Sources */,
				A184E52B1D0D3A51009A0383 /* OCESearchViewController.m in Sources */,
				A1CF9E861CFE78040042BCD7 /* OCEButtonsView.m in Sources */,
				A1CF9E5F1CFD9C360042BCD7 /* OCEHomeViewController.m in Sources */,
				A184E5281D0D3A4B009A0383 /* OCESearchView.m in Sources */,
				A1D37E441D091943007613C8 /* UITableViewController+AYLExtension.m in Sources */,
				A1CF9E6D1CFD9DA40042BCD7 /* OCEMeViewController.m in Sources */,
				A1CF9E661CFD9D7A0042BCD7 /* OCECategoryViewController.m in Sources */,
				A184E53A1D0D5E3B009A0383 /* OCESearchHotCell.m in Sources */,
				A1CEF9F81D042E4500496A8F /* UIColor+AYLExtension.m in Sources */,
				A1CEF9F71D042E4500496A8F /* NSData+AYLExtension.m in Sources */,
				A1CEFA041D042FF200496A8F /* AYLHttpTool.m in Sources */,
				A1CEF9FA1D042E4500496A8F /* UINavigationBar+AYLExtension.m in Sources */,
				A1CEF9F91D042E4500496A8F /* UIImage+AYLExtension.m in Sources */,
				A16491C51D0EA41200D7B529 /* OCEHotKeyword.m in Sources */,
				A1CEF9FF1D042E4500496A8F /* AppDelegate.m in Sources */,
				A1CEFA0E1D04436400496A8F /* OCECourseToolResult.m in Sources */,
				A16491C81D0EA44500D7B529 /* OCESearchDataToolResult.m in Sources */,
				A1AD95261D0D826800797049 /* OCESearchTableHeaderView.m in Sources */,
				A1CEF9FE1D042E4500496A8F /* AYLTableViewController.m in Sources */,
				A1CEFA001D042E4500496A8F /* main.m in Sources */,
				A1CF9E8C1CFEE31F0042BCD7 /* OCECourseCell.m in Sources */,
				A16491CB1D0EA45000D7B529 /* OCESearchDataTool.m in Sources */,
			);
			runOnlyForDeploymentPostprocessing = 0;
		};
/* End PBXSourcesBuildPhase section */

/* Begin XCBuildConfiguration section */
		A1B89C821CFD8D34006B91D6 /* Debug */ = {
			isa = XCBuildConfiguration;
			buildSettings = {
				ALWAYS_SEARCH_USER_PATHS = NO;
				CLANG_ANALYZER_NONNULL = YES;
				CLANG_CXX_LANGUAGE_STANDARD = "gnu++0x";
				CLANG_CXX_LIBRARY = "libc++";
				CLANG_ENABLE_MODULES = YES;
				CLANG_ENABLE_OBJC_ARC = YES;
				CLANG_WARN_BOOL_CONVERSION = YES;
				CLANG_WARN_CONSTANT_CONVERSION = YES;
				CLANG_WARN_DIRECT_OBJC_ISA_USAGE = YES_ERROR;
				CLANG_WARN_EMPTY_BODY = YES;
				CLANG_WARN_ENUM_CONVERSION = YES;
				CLANG_WARN_INT_CONVERSION = YES;
				CLANG_WARN_OBJC_ROOT_CLASS = YES_ERROR;
				CLANG_WARN_UNREACHABLE_CODE = YES;
				CLANG_WARN__DUPLICATE_METHOD_MATCH = YES;
				"CODE_SIGN_IDENTITY[sdk=iphoneos*]" = "iPhone Developer";
				COPY_PHASE_STRIP = NO;
				DEBUG_INFORMATION_FORMAT = dwarf;
				ENABLE_STRICT_OBJC_MSGSEND = YES;
				ENABLE_TESTABILITY = YES;
				GCC_C_LANGUAGE_STANDARD = gnu99;
				GCC_DYNAMIC_NO_PIC = NO;
				GCC_NO_COMMON_BLOCKS = YES;
				GCC_OPTIMIZATION_LEVEL = 0;
				GCC_PREPROCESSOR_DEFINITIONS = (
					"DEBUG=1",
					"$(inherited)",
				);
				GCC_WARN_64_TO_32_BIT_CONVERSION = YES;
				GCC_WARN_ABOUT_RETURN_TYPE = YES_ERROR;
				GCC_WARN_UNDECLARED_SELECTOR = YES;
				GCC_WARN_UNINITIALIZED_AUTOS = YES_AGGRESSIVE;
				GCC_WARN_UNUSED_FUNCTION = YES;
				GCC_WARN_UNUSED_VARIABLE = YES;
				IPHONEOS_DEPLOYMENT_TARGET = 9.3;
				MTL_ENABLE_DEBUG_INFO = YES;
				ONLY_ACTIVE_ARCH = YES;
				SDKROOT = iphoneos;
			};
			name = Debug;
		};
		A1B89C831CFD8D34006B91D6 /* Release */ = {
			isa = XCBuildConfiguration;
			buildSettings = {
				ALWAYS_SEARCH_USER_PATHS = NO;
				CLANG_ANALYZER_NONNULL = YES;
				CLANG_CXX_LANGUAGE_STANDARD = "gnu++0x";
				CLANG_CXX_LIBRARY = "libc++";
				CLANG_ENABLE_MODULES = YES;
				CLANG_ENABLE_OBJC_ARC = YES;
				CLANG_WARN_BOOL_CONVERSION = YES;
				CLANG_WARN_CONSTANT_CONVERSION = YES;
				CLANG_WARN_DIRECT_OBJC_ISA_USAGE = YES_ERROR;
				CLANG_WARN_EMPTY_BODY = YES;
				CLANG_WARN_ENUM_CONVERSION = YES;
				CLANG_WARN_INT_CONVERSION = YES;
				CLANG_WARN_OBJC_ROOT_CLASS = YES_ERROR;
				CLANG_WARN_UNREACHABLE_CODE = YES;
				CLANG_WARN__DUPLICATE_METHOD_MATCH = YES;
				"CODE_SIGN_IDENTITY[sdk=iphoneos*]" = "iPhone Developer";
				COPY_PHASE_STRIP = NO;
				DEBUG_INFORMATION_FORMAT = "dwarf-with-dsym";
				ENABLE_NS_ASSERTIONS = NO;
				ENABLE_STRICT_OBJC_MSGSEND = YES;
				GCC_C_LANGUAGE_STANDARD = gnu99;
				GCC_NO_COMMON_BLOCKS = YES;
				GCC_WARN_64_TO_32_BIT_CONVERSION = YES;
				GCC_WARN_ABOUT_RETURN_TYPE = YES_ERROR;
				GCC_WARN_UNDECLARED_SELECTOR = YES;
				GCC_WARN_UNINITIALIZED_AUTOS = YES_AGGRESSIVE;
				GCC_WARN_UNUSED_FUNCTION = YES;
				GCC_WARN_UNUSED_VARIABLE = YES;
				IPHONEOS_DEPLOYMENT_TARGET = 9.3;
				MTL_ENABLE_DEBUG_INFO = NO;
				SDKROOT = iphoneos;
				VALIDATE_PRODUCT = YES;
			};
			name = Release;
		};
		A1B89C851CFD8D34006B91D6 /* Debug */ = {
			isa = XCBuildConfiguration;
			baseConfigurationReference = 774C43ACFD70BBC892E55A4E /* Pods.debug.xcconfig */;
			buildSettings = {
				ASSETCATALOG_COMPILER_APPICON_NAME = AppIcon;
				ASSETCATALOG_COMPILER_LAUNCHIMAGE_NAME = LaunchImage;
				GCC_PREFIX_HEADER = /Users/Oneself/Documents/iOSProjects/OpenCourse/OpenCourse/Classes/Main/Other/AYLCommon.pch;
				INFOPLIST_FILE = "OpenCourse/Supporting Files/Info.plist";
				LD_RUNPATH_SEARCH_PATHS = "$(inherited) @executable_path/Frameworks";
				PRODUCT_BUNDLE_IDENTIFIER = cn.edu.ccut.OpenCourse;
				PRODUCT_NAME = "$(TARGET_NAME)";
				TARGETED_DEVICE_FAMILY = 1;
			};
			name = Debug;
		};
		A1B89C861CFD8D34006B91D6 /* Release */ = {
			isa = XCBuildConfiguration;
			baseConfigurationReference = AAFDD98DB4FED8729DE13A6F /* Pods.release.xcconfig */;
			buildSettings = {
				ASSETCATALOG_COMPILER_APPICON_NAME = AppIcon;
				ASSETCATALOG_COMPILER_LAUNCHIMAGE_NAME = LaunchImage;
				GCC_PREFIX_HEADER = /Users/Oneself/Documents/iOSProjects/OpenCourse/OpenCourse/Classes/Main/Other/AYLCommon.pch;
				INFOPLIST_FILE = "OpenCourse/Supporting Files/Info.plist";
				LD_RUNPATH_SEARCH_PATHS = "$(inherited) @executable_path/Frameworks";
				PRODUCT_BUNDLE_IDENTIFIER = cn.edu.ccut.OpenCourse;
				PRODUCT_NAME = "$(TARGET_NAME)";
				TARGETED_DEVICE_FAMILY = 1;
			};
			name = Release;
		};
/* End XCBuildConfiguration section */

/* Begin XCConfigurationList section */
		A1B89C681CFD8D34006B91D6 /* Build configuration list for PBXProject "OpenCourse" */ = {
			isa = XCConfigurationList;
			buildConfigurations = (
				A1B89C821CFD8D34006B91D6 /* Debug */,
				A1B89C831CFD8D34006B91D6 /* Release */,
			);
			defaultConfigurationIsVisible = 0;
			defaultConfigurationName = Release;
		};
		A1B89C841CFD8D34006B91D6 /* Build configuration list for PBXNativeTarget "OpenCourse" */ = {
			isa = XCConfigurationList;
			buildConfigurations = (
				A1B89C851CFD8D34006B91D6 /* Debug */,
				A1B89C861CFD8D34006B91D6 /* Release */,
			);
			defaultConfigurationIsVisible = 0;
			defaultConfigurationName = Release;
		};
/* End XCConfigurationList section */
	};
	rootObject = A1B89C651CFD8D34006B91D6 /* Project object */;
}
